
Microsoft Visual Studio Solution File, Format Version 12.00
# Visual Studio Version 17
VisualStudioVersion = 17.10.34928.147
MinimumVisualStudioVersion = 10.0.40219.1
Project("{9A19103F-16F7-4668-BE54-9A1E7A4F7556}") = "OOP", "OOP\OOP.csproj", "{36F94328-0084-4C5B-800A-EB832F85BD97}"
EndProject
Project("{9A19103F-16F7-4668-BE54-9A1E7A4F7556}") = "Lesson1", "Lesson1\Lesson1.csproj", "{C44D0004-D9C7-4716-8470-FB6BE1906B86}"
EndProject
Project("{9A19103F-16F7-4668-BE54-9A1E7A4F7556}") = "Lesson2", "Lesson2\Lesson2.csproj", "{1A46E5C2-3F59-40B8-9614-FDBA9B6097CE}"
EndProject
Project("{9A19103F-16F7-4668-BE54-9A1E7A4F7556}") = "Lesson1(DZ)", "Lesson1(DZ)\Lesson1(DZ).csproj", "{E9840DF5-13C3-4619-86A2-30348A5A3803}"
EndProject
Project("{9A19103F-16F7-4668-BE54-9A1E7A4F7556}") = "Lesson3", "Lesson3\Lesson3.csproj", "{7B3FE1CB-4E9F-4285-A7AC-1D91246B2155}"
EndProject
Project("{9A19103F-16F7-4668-BE54-9A1E7A4F7556}") = "Lesson4", "Lesson4\Lesson4.csproj", "{311942E0-A7DD-4897-8325-BEC3711DF643}"
EndProject
Project("{9A19103F-16F7-4668-BE54-9A1E7A4F7556}") = "Lesson5", "Lesson5\Lesson5.csproj", "{F0B56F09-F46D-4302-8A73-9E63FF8AF461}"
EndProject
Project("{9A19103F-16F7-4668-BE54-9A1E7A4F7556}") = "Lesson2(DZ)", "Lesson2(DZ)\Lesson2(DZ).csproj", "{F53947FC-9DE4-4338-9382-584CA3134C72}"
EndProject
Project("{9A19103F-16F7-4668-BE54-9A1E7A4F7556}") = "Lesson3(DZ)", "Lesson3(DZ)\Lesson3(DZ).csproj", "{946BD1AB-84AE-4E40-B37C-D56048B8D62E}"
EndProject
Project("{9A19103F-16F7-4668-BE54-9A1E7A4F7556}") = "Lesson6", "Lesson6\Lesson6.csproj", "{01D52CB7-AC44-4CDE-B0E9-A72F82A0317C}"
EndProject
Project("{9A19103F-16F7-4668-BE54-9A1E7A4F7556}") = "Lesson4(DZ)", "Lesson4(DZ)\Lesson4(DZ).csproj", "{29EFA699-9E68-4AD3-8342-44CAF8B44E8E}"
EndProject
Project("{9A19103F-16F7-4668-BE54-9A1E7A4F7556}") = "Lesson5(DZ)", "Lesson5(DZ)\Lesson5(DZ).csproj", "{6F7D7688-345E-475B-A452-AA6EAF5EFA27}"
EndProject
Project("{9A19103F-16F7-4668-BE54-9A1E7A4F7556}") = "Lesson7", "Lesson7\Lesson7.csproj", "{5BC8F5E2-4E5F-4AFA-957B-F38AFB13B425}"
EndProject
Project("{9A19103F-16F7-4668-BE54-9A1E7A4F7556}") = "Lesson8", "Lesson8\Lesson8.csproj", "{76F2E40E-3EF4-40D8-84AE-B2CFAD741007}"
EndProject
Project("{9A19103F-16F7-4668-BE54-9A1E7A4F7556}") = "Lesson6(DZ)", "Lesson6(DZ)\Lesson6(DZ).csproj", "{3F78AB9E-5F7A-41E9-881D-0A2257D89389}"
EndProject
Project("{9A19103F-16F7-4668-BE54-9A1E7A4F7556}") = "Lesson7(DZ)", "Lesson7(DZ)\Lesson7(DZ).csproj", "{305959AA-2E9D-47B1-8FF8-F408225DEF4C}"
EndProject
Project("{9A19103F-16F7-4668-BE54-9A1E7A4F7556}") = "Lesson9", "Lesson9\Lesson9.csproj", "{E765931F-67A7-4427-B71C-84159BD66D30}"
EndProject
Project("{9A19103F-16F7-4668-BE54-9A1E7A4F7556}") = "Lesson8(DZ)", "Lesson8(DZ)\Lesson8(DZ).csproj", "{96D42B4F-D077-4157-A57B-9FCEA6F5151E}"
EndProject
Project("{9A19103F-16F7-4668-BE54-9A1E7A4F7556}") = "Lesson9(DZ)", "Lesson9(DZ)\Lesson9(DZ).csproj", "{9F7FD612-0B33-45B1-B526-02F2E9BBED24}"
EndProject
Project("{9A19103F-16F7-4668-BE54-9A1E7A4F7556}") = "Lesson10(DZ)", "Lesson10(DZ)\Lesson10(DZ).csproj", "{D798E399-B8CB-4FB5-87DA-E0B8AE361174}"
EndProject
Project("{9A19103F-16F7-4668-BE54-9A1E7A4F7556}") = "Lesson10", "Lesson10\Lesson10.csproj", "{E64C08C7-1FE7-46E7-87F3-D71D1FC819D1}"
EndProject
Project("{FAE04EC0-301F-11D3-BF4B-00C04F79EFBC}") = "Lesson11(DZ)", "Lesson11(DZ)\Lesson11(DZ).csproj", "{CB4FD271-A6CE-4D77-A131-54B524E26BC3}"
EndProject
Global
	GlobalSection(SolutionConfigurationPlatforms) = preSolution
		Debug|Any CPU = Debug|Any CPU
		Release|Any CPU = Release|Any CPU
	EndGlobalSection
	GlobalSection(ProjectConfigurationPlatforms) = postSolution
		{36F94328-0084-4C5B-800A-EB832F85BD97}.Debug|Any CPU.ActiveCfg = Debug|Any CPU
		{36F94328-0084-4C5B-800A-EB832F85BD97}.Debug|Any CPU.Build.0 = Debug|Any CPU
		{36F94328-0084-4C5B-800A-EB832F85BD97}.Release|Any CPU.ActiveCfg = Release|Any CPU
		{36F94328-0084-4C5B-800A-EB832F85BD97}.Release|Any CPU.Build.0 = Release|Any CPU
		{C44D0004-D9C7-4716-8470-FB6BE1906B86}.Debug|Any CPU.ActiveCfg = Debug|Any CPU
		{C44D0004-D9C7-4716-8470-FB6BE1906B86}.Debug|Any CPU.Build.0 = Debug|Any CPU
		{C44D0004-D9C7-4716-8470-FB6BE1906B86}.Release|Any CPU.ActiveCfg = Release|Any CPU
		{C44D0004-D9C7-4716-8470-FB6BE1906B86}.Release|Any CPU.Build.0 = Release|Any CPU
		{1A46E5C2-3F59-40B8-9614-FDBA9B6097CE}.Debug|Any CPU.ActiveCfg = Debug|Any CPU
		{1A46E5C2-3F59-40B8-9614-FDBA9B6097CE}.Debug|Any CPU.Build.0 = Debug|Any CPU
		{1A46E5C2-3F59-40B8-9614-FDBA9B6097CE}.Release|Any CPU.ActiveCfg = Release|Any CPU
		{1A46E5C2-3F59-40B8-9614-FDBA9B6097CE}.Release|Any CPU.Build.0 = Release|Any CPU
		{E9840DF5-13C3-4619-86A2-30348A5A3803}.Debug|Any CPU.ActiveCfg = Debug|Any CPU
		{E9840DF5-13C3-4619-86A2-30348A5A3803}.Debug|Any CPU.Build.0 = Debug|Any CPU
		{E9840DF5-13C3-4619-86A2-30348A5A3803}.Release|Any CPU.ActiveCfg = Release|Any CPU
		{E9840DF5-13C3-4619-86A2-30348A5A3803}.Release|Any CPU.Build.0 = Release|Any CPU
		{7B3FE1CB-4E9F-4285-A7AC-1D91246B2155}.Debug|Any CPU.ActiveCfg = Debug|Any CPU
		{7B3FE1CB-4E9F-4285-A7AC-1D91246B2155}.Debug|Any CPU.Build.0 = Debug|Any CPU
		{7B3FE1CB-4E9F-4285-A7AC-1D91246B2155}.Release|Any CPU.ActiveCfg = Release|Any CPU
		{7B3FE1CB-4E9F-4285-A7AC-1D91246B2155}.Release|Any CPU.Build.0 = Release|Any CPU
		{311942E0-A7DD-4897-8325-BEC3711DF643}.Debug|Any CPU.ActiveCfg = Debug|Any CPU
		{311942E0-A7DD-4897-8325-BEC3711DF643}.Debug|Any CPU.Build.0 = Debug|Any CPU
		{311942E0-A7DD-4897-8325-BEC3711DF643}.Release|Any CPU.ActiveCfg = Release|Any CPU
		{311942E0-A7DD-4897-8325-BEC3711DF643}.Release|Any CPU.Build.0 = Release|Any CPU
		{F0B56F09-F46D-4302-8A73-9E63FF8AF461}.Debug|Any CPU.ActiveCfg = Debug|Any CPU
		{F0B56F09-F46D-4302-8A73-9E63FF8AF461}.Debug|Any CPU.Build.0 = Debug|Any CPU
		{F0B56F09-F46D-4302-8A73-9E63FF8AF461}.Release|Any CPU.ActiveCfg = Release|Any CPU
		{F0B56F09-F46D-4302-8A73-9E63FF8AF461}.Release|Any CPU.Build.0 = Release|Any CPU
		{F53947FC-9DE4-4338-9382-584CA3134C72}.Debug|Any CPU.ActiveCfg = Debug|Any CPU
		{F53947FC-9DE4-4338-9382-584CA3134C72}.Debug|Any CPU.Build.0 = Debug|Any CPU
		{F53947FC-9DE4-4338-9382-584CA3134C72}.Release|Any CPU.ActiveCfg = Release|Any CPU
		{F53947FC-9DE4-4338-9382-584CA3134C72}.Release|Any CPU.Build.0 = Release|Any CPU
		{946BD1AB-84AE-4E40-B37C-D56048B8D62E}.Debug|Any CPU.ActiveCfg = Debug|Any CPU
		{946BD1AB-84AE-4E40-B37C-D56048B8D62E}.Debug|Any CPU.Build.0 = Debug|Any CPU
		{946BD1AB-84AE-4E40-B37C-D56048B8D62E}.Release|Any CPU.ActiveCfg = Release|Any CPU
		{946BD1AB-84AE-4E40-B37C-D56048B8D62E}.Release|Any CPU.Build.0 = Release|Any CPU
		{01D52CB7-AC44-4CDE-B0E9-A72F82A0317C}.Debug|Any CPU.ActiveCfg = Debug|Any CPU
		{01D52CB7-AC44-4CDE-B0E9-A72F82A0317C}.Debug|Any CPU.Build.0 = Debug|Any CPU
		{01D52CB7-AC44-4CDE-B0E9-A72F82A0317C}.Release|Any CPU.ActiveCfg = Release|Any CPU
		{01D52CB7-AC44-4CDE-B0E9-A72F82A0317C}.Release|Any CPU.Build.0 = Release|Any CPU
		{29EFA699-9E68-4AD3-8342-44CAF8B44E8E}.Debug|Any CPU.ActiveCfg = Debug|Any CPU
		{29EFA699-9E68-4AD3-8342-44CAF8B44E8E}.Debug|Any CPU.Build.0 = Debug|Any CPU
		{29EFA699-9E68-4AD3-8342-44CAF8B44E8E}.Release|Any CPU.ActiveCfg = Release|Any CPU
		{29EFA699-9E68-4AD3-8342-44CAF8B44E8E}.Release|Any CPU.Build.0 = Release|Any CPU
		{6F7D7688-345E-475B-A452-AA6EAF5EFA27}.Debug|Any CPU.ActiveCfg = Debug|Any CPU
		{6F7D7688-345E-475B-A452-AA6EAF5EFA27}.Debug|Any CPU.Build.0 = Debug|Any CPU
		{6F7D7688-345E-475B-A452-AA6EAF5EFA27}.Release|Any CPU.ActiveCfg = Release|Any CPU
		{6F7D7688-345E-475B-A452-AA6EAF5EFA27}.Release|Any CPU.Build.0 = Release|Any CPU
		{5BC8F5E2-4E5F-4AFA-957B-F38AFB13B425}.Debug|Any CPU.ActiveCfg = Debug|Any CPU
		{5BC8F5E2-4E5F-4AFA-957B-F38AFB13B425}.Debug|Any CPU.Build.0 = Debug|Any CPU
		{5BC8F5E2-4E5F-4AFA-957B-F38AFB13B425}.Release|Any CPU.ActiveCfg = Release|Any CPU
		{5BC8F5E2-4E5F-4AFA-957B-F38AFB13B425}.Release|Any CPU.Build.0 = Release|Any CPU
		{76F2E40E-3EF4-40D8-84AE-B2CFAD741007}.Debug|Any CPU.ActiveCfg = Debug|Any CPU
		{76F2E40E-3EF4-40D8-84AE-B2CFAD741007}.Debug|Any CPU.Build.0 = Debug|Any CPU
		{76F2E40E-3EF4-40D8-84AE-B2CFAD741007}.Release|Any CPU.ActiveCfg = Release|Any CPU
		{76F2E40E-3EF4-40D8-84AE-B2CFAD741007}.Release|Any CPU.Build.0 = Release|Any CPU
		{3F78AB9E-5F7A-41E9-881D-0A2257D89389}.Debug|Any CPU.ActiveCfg = Debug|Any CPU
		{3F78AB9E-5F7A-41E9-881D-0A2257D89389}.Debug|Any CPU.Build.0 = Debug|Any CPU
		{3F78AB9E-5F7A-41E9-881D-0A2257D89389}.Release|Any CPU.ActiveCfg = Release|Any CPU
		{3F78AB9E-5F7A-41E9-881D-0A2257D89389}.Release|Any CPU.Build.0 = Release|Any CPU
		{305959AA-2E9D-47B1-8FF8-F408225DEF4C}.Debug|Any CPU.ActiveCfg = Debug|Any CPU
		{305959AA-2E9D-47B1-8FF8-F408225DEF4C}.Debug|Any CPU.Build.0 = Debug|Any CPU
		{305959AA-2E9D-47B1-8FF8-F408225DEF4C}.Release|Any CPU.ActiveCfg = Release|Any CPU
		{305959AA-2E9D-47B1-8FF8-F408225DEF4C}.Release|Any CPU.Build.0 = Release|Any CPU
		{E765931F-67A7-4427-B71C-84159BD66D30}.Debug|Any CPU.ActiveCfg = Debug|Any CPU
		{E765931F-67A7-4427-B71C-84159BD66D30}.Debug|Any CPU.Build.0 = Debug|Any CPU
		{E765931F-67A7-4427-B71C-84159BD66D30}.Release|Any CPU.ActiveCfg = Release|Any CPU
		{E765931F-67A7-4427-B71C-84159BD66D30}.Release|Any CPU.Build.0 = Release|Any CPU
		{96D42B4F-D077-4157-A57B-9FCEA6F5151E}.Debug|Any CPU.ActiveCfg = Debug|Any CPU
		{96D42B4F-D077-4157-A57B-9FCEA6F5151E}.Debug|Any CPU.Build.0 = Debug|Any CPU
		{96D42B4F-D077-4157-A57B-9FCEA6F5151E}.Release|Any CPU.ActiveCfg = Release|Any CPU
		{96D42B4F-D077-4157-A57B-9FCEA6F5151E}.Release|Any CPU.Build.0 = Release|Any CPU
		{9F7FD612-0B33-45B1-B526-02F2E9BBED24}.Debug|Any CPU.ActiveCfg = Debug|Any CPU
		{9F7FD612-0B33-45B1-B526-02F2E9BBED24}.Debug|Any CPU.Build.0 = Debug|Any CPU
		{9F7FD612-0B33-45B1-B526-02F2E9BBED24}.Release|Any CPU.ActiveCfg = Release|Any CPU
		{9F7FD612-0B33-45B1-B526-02F2E9BBED24}.Release|Any CPU.Build.0 = Release|Any CPU
		{D798E399-B8CB-4FB5-87DA-E0B8AE361174}.Debug|Any CPU.ActiveCfg = Debug|Any CPU
		{D798E399-B8CB-4FB5-87DA-E0B8AE361174}.Debug|Any CPU.Build.0 = Debug|Any CPU
		{D798E399-B8CB-4FB5-87DA-E0B8AE361174}.Release|Any CPU.ActiveCfg = Release|Any CPU
		{D798E399-B8CB-4FB5-87DA-E0B8AE361174}.Release|Any CPU.Build.0 = Release|Any CPU
		{E64C08C7-1FE7-46E7-87F3-D71D1FC819D1}.Debug|Any CPU.ActiveCfg = Debug|Any CPU
		{E64C08C7-1FE7-46E7-87F3-D71D1FC819D1}.Debug|Any CPU.Build.0 = Debug|Any CPU
		{E64C08C7-1FE7-46E7-87F3-D71D1FC819D1}.Release|Any CPU.ActiveCfg = Release|Any CPU
		{E64C08C7-1FE7-46E7-87F3-D71D1FC819D1}.Release|Any CPU.Build.0 = Release|Any CPU
		{CB4FD271-A6CE-4D77-A131-54B524E26BC3}.Debug|Any CPU.ActiveCfg = Debug|Any CPU
		{CB4FD271-A6CE-4D77-A131-54B524E26BC3}.Debug|Any CPU.Build.0 = Debug|Any CPU
		{CB4FD271-A6CE-4D77-A131-54B524E26BC3}.Release|Any CPU.ActiveCfg = Release|Any CPU
		{CB4FD271-A6CE-4D77-A131-54B524E26BC3}.Release|Any CPU.Build.0 = Release|Any CPU
	EndGlobalSection
	GlobalSection(SolutionProperties) = preSolution
		HideSolutionNode = FALSE
	EndGlobalSection
	GlobalSection(ExtensibilityGlobals) = postSolution
		SolutionGuid = {3C7818B0-90BD-4535-B797-C6AA24DE618D}
	EndGlobalSection
EndGlobal
