
Microsoft Visual Studio Solution File, Format Version 12.00
# Visual Studio Version 17
VisualStudioVersion = 17.10.34928.147
MinimumVisualStudioVersion = 10.0.40219.1
Project("{9A19103F-16F7-4668-BE54-9A1E7A4F7556}") = "OOP", "OOP\OOP.csproj", "{36F94328-0084-4C5B-800A-EB832F85BD97}"
EndProject
Project("{9A19103F-16F7-4668-BE54-9A1E7A4F7556}") = "Lesson1", "Lesson1\Lesson1.csproj", "{C44D0004-D9C7-4716-8470-FB6BE1906B86}"
EndProject
Project("{9A19103F-16F7-4668-BE54-9A1E7A4F7556}") = "Lesson2", "Lesson2\Lesson2.csproj", "{1A46E5C2-3F59-40B8-9614-FDBA9B6097CE}"
EndProject
Project("{9A19103F-16F7-4668-BE54-9A1E7A4F7556}") = "Lesson1(DZ)", "Lesson1(DZ)\Lesson1(DZ).csproj", "{E9840DF5-13C3-4619-86A2-30348A5A3803}"
EndProject
Project("{9A19103F-16F7-4668-BE54-9A1E7A4F7556}") = "Lesson3", "Lesson3\Lesson3.csproj", "{7B3FE1CB-4E9F-4285-A7AC-1D91246B2155}"
EndProject
Project("{9A19103F-16F7-4668-BE54-9A1E7A4F7556}") = "Lesson4", "Lesson4\Lesson4.csproj", "{311942E0-A7DD-4897-8325-BEC3711DF643}"
EndProject
Project("{9A19103F-16F7-4668-BE54-9A1E7A4F7556}") = "Lesson5", "Lesson5\Lesson5.csproj", "{F0B56F09-F46D-4302-8A73-9E63FF8AF461}"
EndProject
Project("{9A19103F-16F7-4668-BE54-9A1E7A4F7556}") = "Lesson2(DZ)", "Lesson2(DZ)\Lesson2(DZ).csproj", "{F53947FC-9DE4-4338-9382-584CA3134C72}"
EndProject
Project("{9A19103F-16F7-4668-BE54-9A1E7A4F7556}") = "Lesson3(DZ)", "Lesson3(DZ)\Lesson3(DZ).csproj", "{946BD1AB-84AE-4E40-B37C-D56048B8D62E}"
EndProject
Project("{9A19103F-16F7-4668-BE54-9A1E7A4F7556}") = "Lesson6", "Lesson6\Lesson6.csproj", "{01D52CB7-AC44-4CDE-B0E9-A72F82A0317C}"
EndProject
Project("{9A19103F-16F7-4668-BE54-9A1E7A4F7556}") = "Lesson4(DZ)", "Lesson4(DZ)\Lesson4(DZ).csproj", "{29EFA699-9E68-4AD3-8342-44CAF8B44E8E}"
EndProject
Project("{9A19103F-16F7-4668-BE54-9A1E7A4F7556}") = "Lesson5(DZ)", "Lesson5(DZ)\Lesson5(DZ).csproj", "{6F7D7688-345E-475B-A452-AA6EAF5EFA27}"
EndProject
Project("{9A19103F-16F7-4668-BE54-9A1E7A4F7556}") = "Lesson7", "Lesson7\Lesson7.csproj", "{5BC8F5E2-4E5F-4AFA-957B-F38AFB13B425}"
EndProject
Project("{9A19103F-16F7-4668-BE54-9A1E7A4F7556}") = "Lesson8", "Lesson8\Lesson8.csproj", "{76F2E40E-3EF4-40D8-84AE-B2CFAD741007}"
EndProject
Project("{9A19103F-16F7-4668-BE54-9A1E7A4F7556}") = "Lesson6(DZ)", "Lesson6(DZ)\Lesson6(DZ).csproj", "{3F78AB9E-5F7A-41E9-881D-0A2257D89389}"
EndProject
Project("{9A19103F-16F7-4668-BE54-9A1E7A4F7556}") = "Lesson7(DZ)", "Lesson7(DZ)\Lesson7(DZ).csproj", "{305959AA-2E9D-47B1-8FF8-F408225DEF4C}"
EndProject
Project("{9A19103F-16F7-4668-BE54-9A1E7A4F7556}") = "Lesson9", "Lesson9\Lesson9.csproj", "{E765931F-67A7-4427-B71C-84159BD66D30}"
EndProject
Project("{9A19103F-16F7-4668-BE54-9A1E7A4F7556}") = "Lesson8(DZ)", "Lesson8(DZ)\Lesson8(DZ).csproj", "{96D42B4F-D077-4157-A57B-9FCEA6F5151E}"
EndProject
Project("{9A19103F-16F7-4668-BE54-9A1E7A4F7556}") = "Lesson9(DZ)", "Lesson9(DZ)\Lesson9(DZ).csproj", "{9F7FD612-0B33-45B1-B526-02F2E9BBED24}"
EndProject
Project("{9A19103F-16F7-4668-BE54-9A1E7A4F7556}") = "Lesson10(DZ)", "Lesson10(DZ)\Lesson10(DZ).csproj", "{D798E399-B8CB-4FB5-87DA-E0B8AE361174}"
EndProject
Project("{9A19103F-16F7-4668-BE54-9A1E7A4F7556}") = "Lesson10", "Lesson10\Lesson10.csproj", "{E64C08C7-1FE7-46E7-87F3-D71D1FC819D1}"
EndProject
Project("{9A19103F-16F7-4668-BE54-9A1E7A4F7556}") = "Lesson11(DZ)", "Lesson11(DZ)\Lesson11(DZ).csproj", "{CB4FD271-A6CE-4D77-A131-54B524E26BC3}"
EndProject
Project("{9A19103F-16F7-4668-BE54-9A1E7A4F7556}") = "Lesson11", "Lesson11\Lesson11.csproj", "{35932F76-9770-4C59-A16A-8D045C542EB8}"
EndProject
Project("{9A19103F-16F7-4668-BE54-9A1E7A4F7556}") = "Lesson12(DZ) Перегрузка операций", "Lesson12(DZ) Перегрузка операций\Lesson12(DZ) Перегрузка операций.csproj", "{DCCDC347-FE03-4018-8F71-11C3BA82812D}"
EndProject
Project("{9A19103F-16F7-4668-BE54-9A1E7A4F7556}") = "Lesson13(DZ) Абстрактные классы", "Lesson13(DZ) Абстрактные классы\Lesson13(DZ) Абстрактные классы.csproj", "{EF3C383C-66FB-426E-83BB-C54D51E764D4}"
EndProject
Project("{9A19103F-16F7-4668-BE54-9A1E7A4F7556}") = "Lesson14(DZ)Методы расширения. Анонимные типы. Кортежи.", "Lesson14(DZ)Методы расширения. Анонимные типы. Кортежи\Lesson14(DZ)Методы расширения. Анонимные типы. Кортежи..csproj", "{58BB2AD1-6BF6-4466-BE81-4FA96C34C37C}"
EndProject
Project("{9A19103F-16F7-4668-BE54-9A1E7A4F7556}") = "Lesson15(DZ) Делегаты и лямбда функции", "Lesson15(DZ) Делегаты и лямбда функции\Lesson15(DZ) Делегаты и лямбда функции.csproj", "{10479727-3353-4418-A043-F6E54A203760}"
EndProject
Project("{9A19103F-16F7-4668-BE54-9A1E7A4F7556}") = "Lesson12 Интерфейсы", "Lesson12 Интерфейсы\Lesson12 Интерфейсы.csproj", "{CB05B0F5-F39D-4255-9428-6A789AF7935C}"
EndProject
Project("{9A19103F-16F7-4668-BE54-9A1E7A4F7556}") = "Lesson16(DZ) Коллекции", "Lesson16(DZ) Коллекции\Lesson16(DZ) Коллекции.csproj", "{B83B680B-B00C-48A8-9215-3530030D35A6}"
EndProject
Project("{9A19103F-16F7-4668-BE54-9A1E7A4F7556}") = "Lesson13", "Lesson13\Lesson13.csproj", "{21E42DB8-D5CA-4AA6-8A25-5EF6C3F55E50}"
EndProject
Project("{9A19103F-16F7-4668-BE54-9A1E7A4F7556}") = "Lesson18(DZ) Обобщения", "Lesson18(DZ) Обобщения\Lesson18(DZ) Обобщения.csproj", "{56AF0E44-AC37-44D1-BC3D-57F539ADBF39}"
EndProject
Project("{9A19103F-16F7-4668-BE54-9A1E7A4F7556}") = "Lesson14", "Lesson14\Lesson14.csproj", "{49CB7FDE-3504-4DD5-A9B2-3BF34BB234E7}"
EndProject
Project("{9A19103F-16F7-4668-BE54-9A1E7A4F7556}") = "Lesson14.1", "Lesson14.1\Lesson14.1.csproj", "{5912DA11-A528-4C8F-A676-7CCB3CC4DD89}"
EndProject
Project("{9A19103F-16F7-4668-BE54-9A1E7A4F7556}") = "Lesson19(DZ) Интерфейсы", "Lesson19(DZ) Интерфейсы\Lesson19(DZ) Интерфейсы.csproj", "{D3047148-0991-40F6-B7A0-D6CC4B5A00A1}"
EndProject
Project("{9A19103F-16F7-4668-BE54-9A1E7A4F7556}") = "Lesson19-2(DZ)", "Lesson19-2(DZ)\Lesson19-2(DZ).csproj", "{D1885ABE-B98C-4C6B-9C32-7E5942DE3CAC}"
EndProject
Project("{9A19103F-16F7-4668-BE54-9A1E7A4F7556}") = "Lesson15 События", "Lesson15 События\Lesson15 События.csproj", "{2BCDB611-3919-498B-80BF-857546A68694}"
EndProject
Project("{9A19103F-16F7-4668-BE54-9A1E7A4F7556}") = "Lesson15-1", "Lesson15-1\Lesson15-1.csproj", "{F7C7FA9C-B4F4-4FCF-81A4-BDE06BEB5E00}"
EndProject
Project("{9A19103F-16F7-4668-BE54-9A1E7A4F7556}") = "Lesson 15-2 JSON", "Lesson 15-2 JSON\Lesson 15-2 JSON.csproj", "{A5F1E33F-CB0C-4ABB-BE88-E1CE8F8C6BB9}"
EndProject
Project("{9A19103F-16F7-4668-BE54-9A1E7A4F7556}") = "Lesson16.Console", "Lesson16.Console\Lesson16.Console.csproj", "{5D869D05-57B7-4352-B3D0-51A656632946}"
EndProject
Project("{9A19103F-16F7-4668-BE54-9A1E7A4F7556}") = "Lesson16 DeskTop", "Lesson16 DeskTop\Lesson16 DeskTop.csproj", "{C6EA780A-EF65-49A5-9E1D-CBF1E5BF8D92}"
EndProject
Project("{9A19103F-16F7-4668-BE54-9A1E7A4F7556}") = "Lesson20(DZ)Ограничение обобщений", "Lesson20(DZ)Ограничение обобщений\Lesson20(DZ)Ограничение обобщений.csproj", "{7CFA4BFE-5253-482F-AF3B-4DC2D26EFB21}"
EndProject
Project("{9A19103F-16F7-4668-BE54-9A1E7A4F7556}") = "Lesson21(DZ)Анон.методы,лямбда", "Lesson21(DZ)Анон.методы,лямбда\Lesson21(DZ)Анон.методы,лямбда.csproj", "{2104C0A0-8C8F-4537-B4D9-6F8EC1C6F3A3}"
EndProject
Project("{9A19103F-16F7-4668-BE54-9A1E7A4F7556}") = "Lesson23(DZ)События", "Lesson23(DZ)События\Lesson23(DZ)События.csproj", "{38C9D835-5B0F-4D72-B3E2-5C71FF0E5319}"
EndProject
Project("{9A19103F-16F7-4668-BE54-9A1E7A4F7556}") = "Lesson24(DZ)JSON", "Lesson24(DZ)JSON\Lesson24(DZ)JSON.csproj", "{E9CB4393-0265-4EB7-9740-9150217E0F06}"
EndProject
Project("{9A19103F-16F7-4668-BE54-9A1E7A4F7556}") = "Lesson19 Потоки с парам", "Lesson19 Потоки с парам\Lesson19 Потоки с парам.csproj", "{D0FA7A55-DEC4-485D-832E-D2D5C52CC421}"
EndProject
Project("{9A19103F-16F7-4668-BE54-9A1E7A4F7556}") = "Lesson19.1", "Lesson19.1\Lesson19.1.csproj", "{1CFAABC0-7102-4E93-A76A-E897C0D2A3CF}"
EndProject
Project("{9A19103F-16F7-4668-BE54-9A1E7A4F7556}") = "Lesson19.2", "Lesson19.2\Lesson19.2.csproj", "{82C2C858-63DE-4B99-A384-1867A1DC9A98}"
EndProject
Project("{9A19103F-16F7-4668-BE54-9A1E7A4F7556}") = "Lesson20", "Lesson20\Lesson20.csproj", "{2D82A472-F70D-4587-A233-11E8E5FAFCA8}"
EndProject
Project("{FAE04EC0-301F-11D3-BF4B-00C04F79EFBC}") = "Lesson20.1", "Lesson20.1\Lesson20.1.csproj", "{3F9E0178-AFBE-4E0F-8D69-AD0455053ACC}"
EndProject
Project("{FAE04EC0-301F-11D3-BF4B-00C04F79EFBC}") = "Lesson21", "Lesson21\Lesson21.csproj", "{93FDF871-173A-45AB-91EB-0077B714639A}"
EndProject
Project("{FAE04EC0-301F-11D3-BF4B-00C04F79EFBC}") = "Lesson21.2", "Lesson21.2\Lesson21.2.csproj", "{B7018638-99A6-4B6B-805F-9796F8FACE8B}"
EndProject
Project("{FAE04EC0-301F-11D3-BF4B-00C04F79EFBC}") = "Lesson22", "Lesson22\Lesson22.csproj", "{9BA88E56-A9FC-4713-A338-F8DE997B3D0D}"
EndProject
Project("{FAE04EC0-301F-11D3-BF4B-00C04F79EFBC}") = "Lesson22.1", "Lesson22.1\Lesson22.1.csproj", "{CA7F4A68-B5F4-4866-BFAD-AB3D2A1E1FCE}"
EndProject
Project("{FAE04EC0-301F-11D3-BF4B-00C04F79EFBC}") = "Lesson22.2", "Lesson22.2\Lesson22.2.csproj", "{4089534B-5A8D-46DB-838D-026C296AF110}"
EndProject
Project("{FAE04EC0-301F-11D3-BF4B-00C04F79EFBC}") = "Tema28.1(DZ) EPPlus", "Tema28.1(DZ) EPPlus\Tema28.1(DZ) EPPlus.csproj", "{34B343FA-1388-4FB4-835F-1F73DC92F282}"
EndProject
Project("{FAE04EC0-301F-11D3-BF4B-00C04F79EFBC}") = "Tema26(DZ) Потоки с парам", "Tema26(DZ) Потоки с парам\Tema26(DZ) Потоки с парам.csproj", "{4F40516E-A37E-430F-807A-338722D96CFD}"
EndProject
Project("{FAE04EC0-301F-11D3-BF4B-00C04F79EFBC}") = "Lesson23", "Lesson23\Lesson23.csproj", "{C8B5DB11-50C2-4D15-8C60-7F4D12A01D53}"
EndProject
Project("{FAE04EC0-301F-11D3-BF4B-00C04F79EFBC}") = "Lesson23.1", "Lesson23.1\Lesson23.1.csproj", "{2717E38A-6602-458F-9A0A-C22338CC02E8}"
EndProject
Project("{FAE04EC0-301F-11D3-BF4B-00C04F79EFBC}") = "Lesson23.2", "Lesson23.2\Lesson23.2.csproj", "{F05733E2-8CC7-40D0-B77E-82F37FF22218}"
EndProject
Project("{FAE04EC0-301F-11D3-BF4B-00C04F79EFBC}") = "Tema26(DZ) Task", "Tema26(DZ) Task\Tema26(DZ) Task.csproj", "{16D14D7F-06F8-4D61-AEF7-6B443ED2D0FA}"
EndProject
Project("{FAE04EC0-301F-11D3-BF4B-00C04F79EFBC}") = "Tema26(DZ) Task.Async Await", "Tema26(DZ) Task.Async Await\Tema26(DZ) Task.Async Await.csproj", "{8B9F6AB6-3F81-4580-962A-7C29658BA0DC}"
EndProject
Project("{FAE04EC0-301F-11D3-BF4B-00C04F79EFBC}") = "Lesson24", "Lesson24\Lesson24.csproj", "{7BCFE957-0781-4125-8A1D-199C19FA119E}"
EndProject
Project("{FAE04EC0-301F-11D3-BF4B-00C04F79EFBC}") = "Lesson24.1", "Lesson24.1\Lesson24.1.csproj", "{EBE7F530-BB3E-4D42-B1C9-F64BEA0745A8}"
EndProject
Project("{FAE04EC0-301F-11D3-BF4B-00C04F79EFBC}") = "Tema27(DZ) TaskManager", "Tema27(DZ) TaskManager\Tema27(DZ) TaskManager.csproj", "{7F35A4CC-EA50-4599-A6F5-D9AE33D560D4}"
EndProject
Project("{FAE04EC0-301F-11D3-BF4B-00C04F79EFBC}") = "Lesson25", "Lesson25\Lesson25.csproj", "{BCC17A0E-A347-46C0-A787-E5E99EF7C6D1}"
EndProject
Project("{FAE04EC0-301F-11D3-BF4B-00C04F79EFBC}") = "Lesson25.2", "Lesson25.2\Lesson25.2.csproj", "{DDCA678D-0126-4385-A9CD-C5EEE6B14CA4}"
EndProject
Project("{FAE04EC0-301F-11D3-BF4B-00C04F79EFBC}") = "Lesson25.3", "Lesson25.3\Lesson25.3.csproj", "{BC5B4879-9D40-48F4-84A9-07C76D2571DD}"
EndProject
Project("{FAE04EC0-301F-11D3-BF4B-00C04F79EFBC}") = "Tema28(DZ) Работа с формулами", "Tema28(DZ) Работа с формулами\Tema28(DZ) Работа с формулами.csproj", "{2D57C6A2-9321-4A73-8F1E-75417247E167}"
EndProject
Project("{FAE04EC0-301F-11D3-BF4B-00C04F79EFBC}") = "Lesson26", "Lesson26\Lesson26.csproj", "{75015C6C-C26B-4453-A06A-5E7640B72700}"
EndProject
Project("{FAE04EC0-301F-11D3-BF4B-00C04F79EFBC}") = "Lesson27", "Lesson27\Lesson27.csproj", "{65DF83F2-5FC2-4435-B262-03C62A97FBED}"
EndProject
Project("{FAE04EC0-301F-11D3-BF4B-00C04F79EFBC}") = "Lesson27.2", "Lesson27.2\Lesson27.2.csproj", "{E2ACDEDC-0417-4F24-BB13-14F3A4F52FFE}"
EndProject
Project("{FAE04EC0-301F-11D3-BF4B-00C04F79EFBC}") = "Lesson28", "Lesson28\Lesson28.csproj", "{5486CCCA-8FD8-4002-B54B-955F47D276FF}"
EndProject
Project("{FAE04EC0-301F-11D3-BF4B-00C04F79EFBC}") = "Tema29(DZ)Работа с CSV файлами", "Tema29(DZ)Работа с CSV файлами\Tema29(DZ)Работа с CSV файлами.csproj", "{DB16B77C-3B43-4F9F-99E9-FB3C21B52E7E}"
EndProject
Project("{FAE04EC0-301F-11D3-BF4B-00C04F79EFBC}") = "Lesson29", "Lesson29\Lesson29.csproj", "{302E40BA-9DFF-4F59-A1D4-1154319CE112}"
EndProject
Project("{FAE04EC0-301F-11D3-BF4B-00C04F79EFBC}") = "Tema30.2(DZ)Сериализ-я XML файлов", "Tema30.2(DZ)Сериализ-я XML файлов\Tema30.2(DZ)Сериализ-я XML файлов.csproj", "{76D1A0F7-549F-4AFB-82B4-49E71E26089E}"
EndProject
Project("{FAE04EC0-301F-11D3-BF4B-00C04F79EFBC}") = "Lesson30", "Lesson30\Lesson30.csproj", "{AE199049-C519-43CE-8D0A-51C3E75477AA}"
EndProject
Project("{FAE04EC0-301F-11D3-BF4B-00C04F79EFBC}") = "Tema25(DZ)Практическая работа", "Tema25(DZ)Практическая работа\Tema25(DZ)Практическая работа.csproj", "{2482E4D4-03AC-4A7C-9F1E-3AA7782C5011}"
EndProject
Project("{FAE04EC0-301F-11D3-BF4B-00C04F79EFBC}") = "Tema22(DZ) Практика", "Tema22(DZ) Практика\Tema22(DZ) Практика.csproj", "{58E0E26C-E9A4-4B3D-9C67-4C68E5B3F705}"
EndProject
Project("{FAE04EC0-301F-11D3-BF4B-00C04F79EFBC}") = "FallingSnowflakes", "FallingSnowflakes\FallingSnowflakes.csproj", "{9E6D2D8B-F7DF-4CC6-A020-47F32F6AEE30}"
EndProject
Project("{FAE04EC0-301F-11D3-BF4B-00C04F79EFBC}") = "Tema26(DZ)Введ-e в многопоточность", "Tema26(DZ)Введ-e в многопоточность\Tema26(DZ)Введ-e в многопоточность.csproj", "{12E8B9C2-E1C6-4674-B794-8880FF11D6AA}"
EndProject
Project("{FAE04EC0-301F-11D3-BF4B-00C04F79EFBC}") = "Tema26(DZ)Падающие снежинки", "Tema26(DZ)Падающие снежинки\Tema26(DZ)Падающие снежинки.csproj", "{A3F78D26-21B9-4D35-9EDC-3978CDF06472}"
EndProject
Project("{FAE04EC0-301F-11D3-BF4B-00C04F79EFBC}") = "Tema28.5(DZ)Работа с DataGridView", "Tema28.5(DZ)Работа с DataGridView\Tema28.5(DZ)Работа с DataGridView.csproj", "{BF8B716A-6420-4876-86D3-1AFE2C11A079}"
EndProject
Project("{FAE04EC0-301F-11D3-BF4B-00C04F79EFBC}") = "Tema28.5(DZ)DataGridView", "Tema28.5(DZ)DataGridView\Tema28.5(DZ)DataGridView.csproj", "{BED95C42-59CA-4C29-A50E-FEAC9660CB40}"
EndProject
Project("{FAE04EC0-301F-11D3-BF4B-00C04F79EFBC}") = "Tema28.6(DZ)Работа с источниками сетки.", "Tema28.6(DZ)Работа с источниками сетки\Tema28.6(DZ)Работа с источниками сетки..csproj", "{A32E8D7C-5E10-42BE-AFBD-F1F4BCE94472}"
EndProject
Project("{FAE04EC0-301F-11D3-BF4B-00C04F79EFBC}") = "Lesson35 LINQ", "Lesson35 LINQ\Lesson35 LINQ.csproj", "{A61A89A9-7BA5-4D80-8310-C0201F05BD78}"
EndProject
Project("{FAE04EC0-301F-11D3-BF4B-00C04F79EFBC}") = "Tema35-1(DZ)Введ-е в LINQ", "Tema35-1(DZ)Введ-е в LINQ\Tema35-1(DZ)Введ-е в LINQ.csproj", "{E2EAECAB-9B65-467A-83F2-FF21B593C34D}"
EndProject
Project("{FAE04EC0-301F-11D3-BF4B-00C04F79EFBC}") = "Tema35-2(DZ)Фильтр-я и сорт-ка", "Tema35-2(DZ)Фильтр-я и сорт-ка\Tema35-2(DZ)Фильтр-я и сорт-ка.csproj", "{B8A454AA-2CF6-46F3-8E9A-105693AA6E0C}"
EndProject
Project("{FAE04EC0-301F-11D3-BF4B-00C04F79EFBC}") = "Tema34-4(DZ)Логирование", "Tema34-4(DZ)Логирование\Tema34-4(DZ)Логирование.csproj", "{2022C555-0533-4FE5-9382-537BDFAA3595}"
EndProject
Project("{FAE04EC0-301F-11D3-BF4B-00C04F79EFBC}") = "Lesson36", "Lesson36\Lesson36.csproj", "{4BA95FAD-ABE2-4D09-B42E-5F044DFC2CEE}"
EndProject
Global
	GlobalSection(SolutionConfigurationPlatforms) = preSolution
		Debug|Any CPU = Debug|Any CPU
		Release|Any CPU = Release|Any CPU
	EndGlobalSection
	GlobalSection(ProjectConfigurationPlatforms) = postSolution
		{36F94328-0084-4C5B-800A-EB832F85BD97}.Debug|Any CPU.ActiveCfg = Debug|Any CPU
		{36F94328-0084-4C5B-800A-EB832F85BD97}.Debug|Any CPU.Build.0 = Debug|Any CPU
		{36F94328-0084-4C5B-800A-EB832F85BD97}.Release|Any CPU.ActiveCfg = Release|Any CPU
		{36F94328-0084-4C5B-800A-EB832F85BD97}.Release|Any CPU.Build.0 = Release|Any CPU
		{C44D0004-D9C7-4716-8470-FB6BE1906B86}.Debug|Any CPU.ActiveCfg = Debug|Any CPU
		{C44D0004-D9C7-4716-8470-FB6BE1906B86}.Debug|Any CPU.Build.0 = Debug|Any CPU
		{C44D0004-D9C7-4716-8470-FB6BE1906B86}.Release|Any CPU.ActiveCfg = Release|Any CPU
		{C44D0004-D9C7-4716-8470-FB6BE1906B86}.Release|Any CPU.Build.0 = Release|Any CPU
		{1A46E5C2-3F59-40B8-9614-FDBA9B6097CE}.Debug|Any CPU.ActiveCfg = Debug|Any CPU
		{1A46E5C2-3F59-40B8-9614-FDBA9B6097CE}.Debug|Any CPU.Build.0 = Debug|Any CPU
		{1A46E5C2-3F59-40B8-9614-FDBA9B6097CE}.Release|Any CPU.ActiveCfg = Release|Any CPU
		{1A46E5C2-3F59-40B8-9614-FDBA9B6097CE}.Release|Any CPU.Build.0 = Release|Any CPU
		{E9840DF5-13C3-4619-86A2-30348A5A3803}.Debug|Any CPU.ActiveCfg = Debug|Any CPU
		{E9840DF5-13C3-4619-86A2-30348A5A3803}.Debug|Any CPU.Build.0 = Debug|Any CPU
		{E9840DF5-13C3-4619-86A2-30348A5A3803}.Release|Any CPU.ActiveCfg = Release|Any CPU
		{E9840DF5-13C3-4619-86A2-30348A5A3803}.Release|Any CPU.Build.0 = Release|Any CPU
		{7B3FE1CB-4E9F-4285-A7AC-1D91246B2155}.Debug|Any CPU.ActiveCfg = Debug|Any CPU
		{7B3FE1CB-4E9F-4285-A7AC-1D91246B2155}.Debug|Any CPU.Build.0 = Debug|Any CPU
		{7B3FE1CB-4E9F-4285-A7AC-1D91246B2155}.Release|Any CPU.ActiveCfg = Release|Any CPU
		{7B3FE1CB-4E9F-4285-A7AC-1D91246B2155}.Release|Any CPU.Build.0 = Release|Any CPU
		{311942E0-A7DD-4897-8325-BEC3711DF643}.Debug|Any CPU.ActiveCfg = Debug|Any CPU
		{311942E0-A7DD-4897-8325-BEC3711DF643}.Debug|Any CPU.Build.0 = Debug|Any CPU
		{311942E0-A7DD-4897-8325-BEC3711DF643}.Release|Any CPU.ActiveCfg = Release|Any CPU
		{311942E0-A7DD-4897-8325-BEC3711DF643}.Release|Any CPU.Build.0 = Release|Any CPU
		{F0B56F09-F46D-4302-8A73-9E63FF8AF461}.Debug|Any CPU.ActiveCfg = Debug|Any CPU
		{F0B56F09-F46D-4302-8A73-9E63FF8AF461}.Debug|Any CPU.Build.0 = Debug|Any CPU
		{F0B56F09-F46D-4302-8A73-9E63FF8AF461}.Release|Any CPU.ActiveCfg = Release|Any CPU
		{F0B56F09-F46D-4302-8A73-9E63FF8AF461}.Release|Any CPU.Build.0 = Release|Any CPU
		{F53947FC-9DE4-4338-9382-584CA3134C72}.Debug|Any CPU.ActiveCfg = Debug|Any CPU
		{F53947FC-9DE4-4338-9382-584CA3134C72}.Debug|Any CPU.Build.0 = Debug|Any CPU
		{F53947FC-9DE4-4338-9382-584CA3134C72}.Release|Any CPU.ActiveCfg = Release|Any CPU
		{F53947FC-9DE4-4338-9382-584CA3134C72}.Release|Any CPU.Build.0 = Release|Any CPU
		{946BD1AB-84AE-4E40-B37C-D56048B8D62E}.Debug|Any CPU.ActiveCfg = Debug|Any CPU
		{946BD1AB-84AE-4E40-B37C-D56048B8D62E}.Debug|Any CPU.Build.0 = Debug|Any CPU
		{946BD1AB-84AE-4E40-B37C-D56048B8D62E}.Release|Any CPU.ActiveCfg = Release|Any CPU
		{946BD1AB-84AE-4E40-B37C-D56048B8D62E}.Release|Any CPU.Build.0 = Release|Any CPU
		{01D52CB7-AC44-4CDE-B0E9-A72F82A0317C}.Debug|Any CPU.ActiveCfg = Debug|Any CPU
		{01D52CB7-AC44-4CDE-B0E9-A72F82A0317C}.Debug|Any CPU.Build.0 = Debug|Any CPU
		{01D52CB7-AC44-4CDE-B0E9-A72F82A0317C}.Release|Any CPU.ActiveCfg = Release|Any CPU
		{01D52CB7-AC44-4CDE-B0E9-A72F82A0317C}.Release|Any CPU.Build.0 = Release|Any CPU
		{29EFA699-9E68-4AD3-8342-44CAF8B44E8E}.Debug|Any CPU.ActiveCfg = Debug|Any CPU
		{29EFA699-9E68-4AD3-8342-44CAF8B44E8E}.Debug|Any CPU.Build.0 = Debug|Any CPU
		{29EFA699-9E68-4AD3-8342-44CAF8B44E8E}.Release|Any CPU.ActiveCfg = Release|Any CPU
		{29EFA699-9E68-4AD3-8342-44CAF8B44E8E}.Release|Any CPU.Build.0 = Release|Any CPU
		{6F7D7688-345E-475B-A452-AA6EAF5EFA27}.Debug|Any CPU.ActiveCfg = Debug|Any CPU
		{6F7D7688-345E-475B-A452-AA6EAF5EFA27}.Debug|Any CPU.Build.0 = Debug|Any CPU
		{6F7D7688-345E-475B-A452-AA6EAF5EFA27}.Release|Any CPU.ActiveCfg = Release|Any CPU
		{6F7D7688-345E-475B-A452-AA6EAF5EFA27}.Release|Any CPU.Build.0 = Release|Any CPU
		{5BC8F5E2-4E5F-4AFA-957B-F38AFB13B425}.Debug|Any CPU.ActiveCfg = Debug|Any CPU
		{5BC8F5E2-4E5F-4AFA-957B-F38AFB13B425}.Debug|Any CPU.Build.0 = Debug|Any CPU
		{5BC8F5E2-4E5F-4AFA-957B-F38AFB13B425}.Release|Any CPU.ActiveCfg = Release|Any CPU
		{5BC8F5E2-4E5F-4AFA-957B-F38AFB13B425}.Release|Any CPU.Build.0 = Release|Any CPU
		{76F2E40E-3EF4-40D8-84AE-B2CFAD741007}.Debug|Any CPU.ActiveCfg = Debug|Any CPU
		{76F2E40E-3EF4-40D8-84AE-B2CFAD741007}.Debug|Any CPU.Build.0 = Debug|Any CPU
		{76F2E40E-3EF4-40D8-84AE-B2CFAD741007}.Release|Any CPU.ActiveCfg = Release|Any CPU
		{76F2E40E-3EF4-40D8-84AE-B2CFAD741007}.Release|Any CPU.Build.0 = Release|Any CPU
		{3F78AB9E-5F7A-41E9-881D-0A2257D89389}.Debug|Any CPU.ActiveCfg = Debug|Any CPU
		{3F78AB9E-5F7A-41E9-881D-0A2257D89389}.Debug|Any CPU.Build.0 = Debug|Any CPU
		{3F78AB9E-5F7A-41E9-881D-0A2257D89389}.Release|Any CPU.ActiveCfg = Release|Any CPU
		{3F78AB9E-5F7A-41E9-881D-0A2257D89389}.Release|Any CPU.Build.0 = Release|Any CPU
		{305959AA-2E9D-47B1-8FF8-F408225DEF4C}.Debug|Any CPU.ActiveCfg = Debug|Any CPU
		{305959AA-2E9D-47B1-8FF8-F408225DEF4C}.Debug|Any CPU.Build.0 = Debug|Any CPU
		{305959AA-2E9D-47B1-8FF8-F408225DEF4C}.Release|Any CPU.ActiveCfg = Release|Any CPU
		{305959AA-2E9D-47B1-8FF8-F408225DEF4C}.Release|Any CPU.Build.0 = Release|Any CPU
		{E765931F-67A7-4427-B71C-84159BD66D30}.Debug|Any CPU.ActiveCfg = Debug|Any CPU
		{E765931F-67A7-4427-B71C-84159BD66D30}.Debug|Any CPU.Build.0 = Debug|Any CPU
		{E765931F-67A7-4427-B71C-84159BD66D30}.Release|Any CPU.ActiveCfg = Release|Any CPU
		{E765931F-67A7-4427-B71C-84159BD66D30}.Release|Any CPU.Build.0 = Release|Any CPU
		{96D42B4F-D077-4157-A57B-9FCEA6F5151E}.Debug|Any CPU.ActiveCfg = Debug|Any CPU
		{96D42B4F-D077-4157-A57B-9FCEA6F5151E}.Debug|Any CPU.Build.0 = Debug|Any CPU
		{96D42B4F-D077-4157-A57B-9FCEA6F5151E}.Release|Any CPU.ActiveCfg = Release|Any CPU
		{96D42B4F-D077-4157-A57B-9FCEA6F5151E}.Release|Any CPU.Build.0 = Release|Any CPU
		{9F7FD612-0B33-45B1-B526-02F2E9BBED24}.Debug|Any CPU.ActiveCfg = Debug|Any CPU
		{9F7FD612-0B33-45B1-B526-02F2E9BBED24}.Debug|Any CPU.Build.0 = Debug|Any CPU
		{9F7FD612-0B33-45B1-B526-02F2E9BBED24}.Release|Any CPU.ActiveCfg = Release|Any CPU
		{9F7FD612-0B33-45B1-B526-02F2E9BBED24}.Release|Any CPU.Build.0 = Release|Any CPU
		{D798E399-B8CB-4FB5-87DA-E0B8AE361174}.Debug|Any CPU.ActiveCfg = Debug|Any CPU
		{D798E399-B8CB-4FB5-87DA-E0B8AE361174}.Debug|Any CPU.Build.0 = Debug|Any CPU
		{D798E399-B8CB-4FB5-87DA-E0B8AE361174}.Release|Any CPU.ActiveCfg = Release|Any CPU
		{D798E399-B8CB-4FB5-87DA-E0B8AE361174}.Release|Any CPU.Build.0 = Release|Any CPU
		{E64C08C7-1FE7-46E7-87F3-D71D1FC819D1}.Debug|Any CPU.ActiveCfg = Debug|Any CPU
		{E64C08C7-1FE7-46E7-87F3-D71D1FC819D1}.Debug|Any CPU.Build.0 = Debug|Any CPU
		{E64C08C7-1FE7-46E7-87F3-D71D1FC819D1}.Release|Any CPU.ActiveCfg = Release|Any CPU
		{E64C08C7-1FE7-46E7-87F3-D71D1FC819D1}.Release|Any CPU.Build.0 = Release|Any CPU
		{CB4FD271-A6CE-4D77-A131-54B524E26BC3}.Debug|Any CPU.ActiveCfg = Debug|Any CPU
		{CB4FD271-A6CE-4D77-A131-54B524E26BC3}.Debug|Any CPU.Build.0 = Debug|Any CPU
		{CB4FD271-A6CE-4D77-A131-54B524E26BC3}.Release|Any CPU.ActiveCfg = Release|Any CPU
		{CB4FD271-A6CE-4D77-A131-54B524E26BC3}.Release|Any CPU.Build.0 = Release|Any CPU
		{35932F76-9770-4C59-A16A-8D045C542EB8}.Debug|Any CPU.ActiveCfg = Debug|Any CPU
		{35932F76-9770-4C59-A16A-8D045C542EB8}.Debug|Any CPU.Build.0 = Debug|Any CPU
		{35932F76-9770-4C59-A16A-8D045C542EB8}.Release|Any CPU.ActiveCfg = Release|Any CPU
		{35932F76-9770-4C59-A16A-8D045C542EB8}.Release|Any CPU.Build.0 = Release|Any CPU
		{DCCDC347-FE03-4018-8F71-11C3BA82812D}.Debug|Any CPU.ActiveCfg = Debug|Any CPU
		{DCCDC347-FE03-4018-8F71-11C3BA82812D}.Debug|Any CPU.Build.0 = Debug|Any CPU
		{DCCDC347-FE03-4018-8F71-11C3BA82812D}.Release|Any CPU.ActiveCfg = Release|Any CPU
		{DCCDC347-FE03-4018-8F71-11C3BA82812D}.Release|Any CPU.Build.0 = Release|Any CPU
		{EF3C383C-66FB-426E-83BB-C54D51E764D4}.Debug|Any CPU.ActiveCfg = Debug|Any CPU
		{EF3C383C-66FB-426E-83BB-C54D51E764D4}.Debug|Any CPU.Build.0 = Debug|Any CPU
		{EF3C383C-66FB-426E-83BB-C54D51E764D4}.Release|Any CPU.ActiveCfg = Release|Any CPU
		{EF3C383C-66FB-426E-83BB-C54D51E764D4}.Release|Any CPU.Build.0 = Release|Any CPU
		{58BB2AD1-6BF6-4466-BE81-4FA96C34C37C}.Debug|Any CPU.ActiveCfg = Debug|Any CPU
		{58BB2AD1-6BF6-4466-BE81-4FA96C34C37C}.Debug|Any CPU.Build.0 = Debug|Any CPU
		{58BB2AD1-6BF6-4466-BE81-4FA96C34C37C}.Release|Any CPU.ActiveCfg = Release|Any CPU
		{58BB2AD1-6BF6-4466-BE81-4FA96C34C37C}.Release|Any CPU.Build.0 = Release|Any CPU
		{10479727-3353-4418-A043-F6E54A203760}.Debug|Any CPU.ActiveCfg = Debug|Any CPU
		{10479727-3353-4418-A043-F6E54A203760}.Debug|Any CPU.Build.0 = Debug|Any CPU
		{10479727-3353-4418-A043-F6E54A203760}.Release|Any CPU.ActiveCfg = Release|Any CPU
		{10479727-3353-4418-A043-F6E54A203760}.Release|Any CPU.Build.0 = Release|Any CPU
		{CB05B0F5-F39D-4255-9428-6A789AF7935C}.Debug|Any CPU.ActiveCfg = Debug|Any CPU
		{CB05B0F5-F39D-4255-9428-6A789AF7935C}.Debug|Any CPU.Build.0 = Debug|Any CPU
		{CB05B0F5-F39D-4255-9428-6A789AF7935C}.Release|Any CPU.ActiveCfg = Release|Any CPU
		{CB05B0F5-F39D-4255-9428-6A789AF7935C}.Release|Any CPU.Build.0 = Release|Any CPU
		{B83B680B-B00C-48A8-9215-3530030D35A6}.Debug|Any CPU.ActiveCfg = Debug|Any CPU
		{B83B680B-B00C-48A8-9215-3530030D35A6}.Debug|Any CPU.Build.0 = Debug|Any CPU
		{B83B680B-B00C-48A8-9215-3530030D35A6}.Release|Any CPU.ActiveCfg = Release|Any CPU
		{B83B680B-B00C-48A8-9215-3530030D35A6}.Release|Any CPU.Build.0 = Release|Any CPU
		{21E42DB8-D5CA-4AA6-8A25-5EF6C3F55E50}.Debug|Any CPU.ActiveCfg = Debug|Any CPU
		{21E42DB8-D5CA-4AA6-8A25-5EF6C3F55E50}.Debug|Any CPU.Build.0 = Debug|Any CPU
		{21E42DB8-D5CA-4AA6-8A25-5EF6C3F55E50}.Release|Any CPU.ActiveCfg = Release|Any CPU
		{21E42DB8-D5CA-4AA6-8A25-5EF6C3F55E50}.Release|Any CPU.Build.0 = Release|Any CPU
		{56AF0E44-AC37-44D1-BC3D-57F539ADBF39}.Debug|Any CPU.ActiveCfg = Debug|Any CPU
		{56AF0E44-AC37-44D1-BC3D-57F539ADBF39}.Debug|Any CPU.Build.0 = Debug|Any CPU
		{56AF0E44-AC37-44D1-BC3D-57F539ADBF39}.Release|Any CPU.ActiveCfg = Release|Any CPU
		{56AF0E44-AC37-44D1-BC3D-57F539ADBF39}.Release|Any CPU.Build.0 = Release|Any CPU
		{49CB7FDE-3504-4DD5-A9B2-3BF34BB234E7}.Debug|Any CPU.ActiveCfg = Debug|Any CPU
		{49CB7FDE-3504-4DD5-A9B2-3BF34BB234E7}.Debug|Any CPU.Build.0 = Debug|Any CPU
		{49CB7FDE-3504-4DD5-A9B2-3BF34BB234E7}.Release|Any CPU.ActiveCfg = Release|Any CPU
		{49CB7FDE-3504-4DD5-A9B2-3BF34BB234E7}.Release|Any CPU.Build.0 = Release|Any CPU
		{5912DA11-A528-4C8F-A676-7CCB3CC4DD89}.Debug|Any CPU.ActiveCfg = Debug|Any CPU
		{5912DA11-A528-4C8F-A676-7CCB3CC4DD89}.Debug|Any CPU.Build.0 = Debug|Any CPU
		{5912DA11-A528-4C8F-A676-7CCB3CC4DD89}.Release|Any CPU.ActiveCfg = Release|Any CPU
		{5912DA11-A528-4C8F-A676-7CCB3CC4DD89}.Release|Any CPU.Build.0 = Release|Any CPU
		{D3047148-0991-40F6-B7A0-D6CC4B5A00A1}.Debug|Any CPU.ActiveCfg = Debug|Any CPU
		{D3047148-0991-40F6-B7A0-D6CC4B5A00A1}.Debug|Any CPU.Build.0 = Debug|Any CPU
		{D3047148-0991-40F6-B7A0-D6CC4B5A00A1}.Release|Any CPU.ActiveCfg = Release|Any CPU
		{D3047148-0991-40F6-B7A0-D6CC4B5A00A1}.Release|Any CPU.Build.0 = Release|Any CPU
		{D1885ABE-B98C-4C6B-9C32-7E5942DE3CAC}.Debug|Any CPU.ActiveCfg = Debug|Any CPU
		{D1885ABE-B98C-4C6B-9C32-7E5942DE3CAC}.Debug|Any CPU.Build.0 = Debug|Any CPU
		{D1885ABE-B98C-4C6B-9C32-7E5942DE3CAC}.Release|Any CPU.ActiveCfg = Release|Any CPU
		{D1885ABE-B98C-4C6B-9C32-7E5942DE3CAC}.Release|Any CPU.Build.0 = Release|Any CPU
		{2BCDB611-3919-498B-80BF-857546A68694}.Debug|Any CPU.ActiveCfg = Debug|Any CPU
		{2BCDB611-3919-498B-80BF-857546A68694}.Debug|Any CPU.Build.0 = Debug|Any CPU
		{2BCDB611-3919-498B-80BF-857546A68694}.Release|Any CPU.ActiveCfg = Release|Any CPU
		{2BCDB611-3919-498B-80BF-857546A68694}.Release|Any CPU.Build.0 = Release|Any CPU
		{F7C7FA9C-B4F4-4FCF-81A4-BDE06BEB5E00}.Debug|Any CPU.ActiveCfg = Debug|Any CPU
		{F7C7FA9C-B4F4-4FCF-81A4-BDE06BEB5E00}.Debug|Any CPU.Build.0 = Debug|Any CPU
		{F7C7FA9C-B4F4-4FCF-81A4-BDE06BEB5E00}.Release|Any CPU.ActiveCfg = Release|Any CPU
		{F7C7FA9C-B4F4-4FCF-81A4-BDE06BEB5E00}.Release|Any CPU.Build.0 = Release|Any CPU
		{A5F1E33F-CB0C-4ABB-BE88-E1CE8F8C6BB9}.Debug|Any CPU.ActiveCfg = Debug|Any CPU
		{A5F1E33F-CB0C-4ABB-BE88-E1CE8F8C6BB9}.Debug|Any CPU.Build.0 = Debug|Any CPU
		{A5F1E33F-CB0C-4ABB-BE88-E1CE8F8C6BB9}.Release|Any CPU.ActiveCfg = Release|Any CPU
		{A5F1E33F-CB0C-4ABB-BE88-E1CE8F8C6BB9}.Release|Any CPU.Build.0 = Release|Any CPU
		{5D869D05-57B7-4352-B3D0-51A656632946}.Debug|Any CPU.ActiveCfg = Debug|Any CPU
		{5D869D05-57B7-4352-B3D0-51A656632946}.Debug|Any CPU.Build.0 = Debug|Any CPU
		{5D869D05-57B7-4352-B3D0-51A656632946}.Release|Any CPU.ActiveCfg = Release|Any CPU
		{5D869D05-57B7-4352-B3D0-51A656632946}.Release|Any CPU.Build.0 = Release|Any CPU
		{C6EA780A-EF65-49A5-9E1D-CBF1E5BF8D92}.Debug|Any CPU.ActiveCfg = Debug|Any CPU
		{C6EA780A-EF65-49A5-9E1D-CBF1E5BF8D92}.Debug|Any CPU.Build.0 = Debug|Any CPU
		{C6EA780A-EF65-49A5-9E1D-CBF1E5BF8D92}.Release|Any CPU.ActiveCfg = Release|Any CPU
		{C6EA780A-EF65-49A5-9E1D-CBF1E5BF8D92}.Release|Any CPU.Build.0 = Release|Any CPU
		{7CFA4BFE-5253-482F-AF3B-4DC2D26EFB21}.Debug|Any CPU.ActiveCfg = Debug|Any CPU
		{7CFA4BFE-5253-482F-AF3B-4DC2D26EFB21}.Debug|Any CPU.Build.0 = Debug|Any CPU
		{7CFA4BFE-5253-482F-AF3B-4DC2D26EFB21}.Release|Any CPU.ActiveCfg = Release|Any CPU
		{7CFA4BFE-5253-482F-AF3B-4DC2D26EFB21}.Release|Any CPU.Build.0 = Release|Any CPU
		{2104C0A0-8C8F-4537-B4D9-6F8EC1C6F3A3}.Debug|Any CPU.ActiveCfg = Debug|Any CPU
		{2104C0A0-8C8F-4537-B4D9-6F8EC1C6F3A3}.Debug|Any CPU.Build.0 = Debug|Any CPU
		{2104C0A0-8C8F-4537-B4D9-6F8EC1C6F3A3}.Release|Any CPU.ActiveCfg = Release|Any CPU
		{2104C0A0-8C8F-4537-B4D9-6F8EC1C6F3A3}.Release|Any CPU.Build.0 = Release|Any CPU
		{38C9D835-5B0F-4D72-B3E2-5C71FF0E5319}.Debug|Any CPU.ActiveCfg = Debug|Any CPU
		{38C9D835-5B0F-4D72-B3E2-5C71FF0E5319}.Debug|Any CPU.Build.0 = Debug|Any CPU
		{38C9D835-5B0F-4D72-B3E2-5C71FF0E5319}.Release|Any CPU.ActiveCfg = Release|Any CPU
		{38C9D835-5B0F-4D72-B3E2-5C71FF0E5319}.Release|Any CPU.Build.0 = Release|Any CPU
		{E9CB4393-0265-4EB7-9740-9150217E0F06}.Debug|Any CPU.ActiveCfg = Debug|Any CPU
		{E9CB4393-0265-4EB7-9740-9150217E0F06}.Debug|Any CPU.Build.0 = Debug|Any CPU
		{E9CB4393-0265-4EB7-9740-9150217E0F06}.Release|Any CPU.ActiveCfg = Release|Any CPU
		{E9CB4393-0265-4EB7-9740-9150217E0F06}.Release|Any CPU.Build.0 = Release|Any CPU
		{D0FA7A55-DEC4-485D-832E-D2D5C52CC421}.Debug|Any CPU.ActiveCfg = Debug|Any CPU
		{D0FA7A55-DEC4-485D-832E-D2D5C52CC421}.Debug|Any CPU.Build.0 = Debug|Any CPU
		{D0FA7A55-DEC4-485D-832E-D2D5C52CC421}.Release|Any CPU.ActiveCfg = Release|Any CPU
		{D0FA7A55-DEC4-485D-832E-D2D5C52CC421}.Release|Any CPU.Build.0 = Release|Any CPU
		{1CFAABC0-7102-4E93-A76A-E897C0D2A3CF}.Debug|Any CPU.ActiveCfg = Debug|Any CPU
		{1CFAABC0-7102-4E93-A76A-E897C0D2A3CF}.Debug|Any CPU.Build.0 = Debug|Any CPU
		{1CFAABC0-7102-4E93-A76A-E897C0D2A3CF}.Release|Any CPU.ActiveCfg = Release|Any CPU
		{1CFAABC0-7102-4E93-A76A-E897C0D2A3CF}.Release|Any CPU.Build.0 = Release|Any CPU
		{82C2C858-63DE-4B99-A384-1867A1DC9A98}.Debug|Any CPU.ActiveCfg = Debug|Any CPU
		{82C2C858-63DE-4B99-A384-1867A1DC9A98}.Debug|Any CPU.Build.0 = Debug|Any CPU
		{82C2C858-63DE-4B99-A384-1867A1DC9A98}.Release|Any CPU.ActiveCfg = Release|Any CPU
		{82C2C858-63DE-4B99-A384-1867A1DC9A98}.Release|Any CPU.Build.0 = Release|Any CPU
		{2D82A472-F70D-4587-A233-11E8E5FAFCA8}.Debug|Any CPU.ActiveCfg = Debug|Any CPU
		{2D82A472-F70D-4587-A233-11E8E5FAFCA8}.Debug|Any CPU.Build.0 = Debug|Any CPU
		{2D82A472-F70D-4587-A233-11E8E5FAFCA8}.Release|Any CPU.ActiveCfg = Release|Any CPU
		{2D82A472-F70D-4587-A233-11E8E5FAFCA8}.Release|Any CPU.Build.0 = Release|Any CPU
		{3F9E0178-AFBE-4E0F-8D69-AD0455053ACC}.Debug|Any CPU.ActiveCfg = Debug|Any CPU
		{3F9E0178-AFBE-4E0F-8D69-AD0455053ACC}.Debug|Any CPU.Build.0 = Debug|Any CPU
		{3F9E0178-AFBE-4E0F-8D69-AD0455053ACC}.Release|Any CPU.ActiveCfg = Release|Any CPU
		{3F9E0178-AFBE-4E0F-8D69-AD0455053ACC}.Release|Any CPU.Build.0 = Release|Any CPU
		{93FDF871-173A-45AB-91EB-0077B714639A}.Debug|Any CPU.ActiveCfg = Debug|Any CPU
		{93FDF871-173A-45AB-91EB-0077B714639A}.Debug|Any CPU.Build.0 = Debug|Any CPU
		{93FDF871-173A-45AB-91EB-0077B714639A}.Release|Any CPU.ActiveCfg = Release|Any CPU
		{93FDF871-173A-45AB-91EB-0077B714639A}.Release|Any CPU.Build.0 = Release|Any CPU
		{B7018638-99A6-4B6B-805F-9796F8FACE8B}.Debug|Any CPU.ActiveCfg = Debug|Any CPU
		{B7018638-99A6-4B6B-805F-9796F8FACE8B}.Debug|Any CPU.Build.0 = Debug|Any CPU
		{B7018638-99A6-4B6B-805F-9796F8FACE8B}.Release|Any CPU.ActiveCfg = Release|Any CPU
		{B7018638-99A6-4B6B-805F-9796F8FACE8B}.Release|Any CPU.Build.0 = Release|Any CPU
		{9BA88E56-A9FC-4713-A338-F8DE997B3D0D}.Debug|Any CPU.ActiveCfg = Debug|Any CPU
		{9BA88E56-A9FC-4713-A338-F8DE997B3D0D}.Debug|Any CPU.Build.0 = Debug|Any CPU
		{9BA88E56-A9FC-4713-A338-F8DE997B3D0D}.Release|Any CPU.ActiveCfg = Release|Any CPU
		{9BA88E56-A9FC-4713-A338-F8DE997B3D0D}.Release|Any CPU.Build.0 = Release|Any CPU
		{CA7F4A68-B5F4-4866-BFAD-AB3D2A1E1FCE}.Debug|Any CPU.ActiveCfg = Debug|Any CPU
		{CA7F4A68-B5F4-4866-BFAD-AB3D2A1E1FCE}.Debug|Any CPU.Build.0 = Debug|Any CPU
		{CA7F4A68-B5F4-4866-BFAD-AB3D2A1E1FCE}.Release|Any CPU.ActiveCfg = Release|Any CPU
		{CA7F4A68-B5F4-4866-BFAD-AB3D2A1E1FCE}.Release|Any CPU.Build.0 = Release|Any CPU
		{4089534B-5A8D-46DB-838D-026C296AF110}.Debug|Any CPU.ActiveCfg = Debug|Any CPU
		{4089534B-5A8D-46DB-838D-026C296AF110}.Debug|Any CPU.Build.0 = Debug|Any CPU
		{4089534B-5A8D-46DB-838D-026C296AF110}.Release|Any CPU.ActiveCfg = Release|Any CPU
		{4089534B-5A8D-46DB-838D-026C296AF110}.Release|Any CPU.Build.0 = Release|Any CPU
		{34B343FA-1388-4FB4-835F-1F73DC92F282}.Debug|Any CPU.ActiveCfg = Debug|Any CPU
		{34B343FA-1388-4FB4-835F-1F73DC92F282}.Debug|Any CPU.Build.0 = Debug|Any CPU
		{34B343FA-1388-4FB4-835F-1F73DC92F282}.Release|Any CPU.ActiveCfg = Release|Any CPU
		{34B343FA-1388-4FB4-835F-1F73DC92F282}.Release|Any CPU.Build.0 = Release|Any CPU
		{4F40516E-A37E-430F-807A-338722D96CFD}.Debug|Any CPU.ActiveCfg = Debug|Any CPU
		{4F40516E-A37E-430F-807A-338722D96CFD}.Debug|Any CPU.Build.0 = Debug|Any CPU
		{4F40516E-A37E-430F-807A-338722D96CFD}.Release|Any CPU.ActiveCfg = Release|Any CPU
		{4F40516E-A37E-430F-807A-338722D96CFD}.Release|Any CPU.Build.0 = Release|Any CPU
		{C8B5DB11-50C2-4D15-8C60-7F4D12A01D53}.Debug|Any CPU.ActiveCfg = Debug|Any CPU
		{C8B5DB11-50C2-4D15-8C60-7F4D12A01D53}.Debug|Any CPU.Build.0 = Debug|Any CPU
		{C8B5DB11-50C2-4D15-8C60-7F4D12A01D53}.Release|Any CPU.ActiveCfg = Release|Any CPU
		{C8B5DB11-50C2-4D15-8C60-7F4D12A01D53}.Release|Any CPU.Build.0 = Release|Any CPU
		{2717E38A-6602-458F-9A0A-C22338CC02E8}.Debug|Any CPU.ActiveCfg = Debug|Any CPU
		{2717E38A-6602-458F-9A0A-C22338CC02E8}.Debug|Any CPU.Build.0 = Debug|Any CPU
		{2717E38A-6602-458F-9A0A-C22338CC02E8}.Release|Any CPU.ActiveCfg = Release|Any CPU
		{2717E38A-6602-458F-9A0A-C22338CC02E8}.Release|Any CPU.Build.0 = Release|Any CPU
		{F05733E2-8CC7-40D0-B77E-82F37FF22218}.Debug|Any CPU.ActiveCfg = Debug|Any CPU
		{F05733E2-8CC7-40D0-B77E-82F37FF22218}.Debug|Any CPU.Build.0 = Debug|Any CPU
		{F05733E2-8CC7-40D0-B77E-82F37FF22218}.Release|Any CPU.ActiveCfg = Release|Any CPU
		{F05733E2-8CC7-40D0-B77E-82F37FF22218}.Release|Any CPU.Build.0 = Release|Any CPU
		{16D14D7F-06F8-4D61-AEF7-6B443ED2D0FA}.Debug|Any CPU.ActiveCfg = Debug|Any CPU
		{16D14D7F-06F8-4D61-AEF7-6B443ED2D0FA}.Debug|Any CPU.Build.0 = Debug|Any CPU
		{16D14D7F-06F8-4D61-AEF7-6B443ED2D0FA}.Release|Any CPU.ActiveCfg = Release|Any CPU
		{16D14D7F-06F8-4D61-AEF7-6B443ED2D0FA}.Release|Any CPU.Build.0 = Release|Any CPU
		{8B9F6AB6-3F81-4580-962A-7C29658BA0DC}.Debug|Any CPU.ActiveCfg = Debug|Any CPU
		{8B9F6AB6-3F81-4580-962A-7C29658BA0DC}.Debug|Any CPU.Build.0 = Debug|Any CPU
		{8B9F6AB6-3F81-4580-962A-7C29658BA0DC}.Release|Any CPU.ActiveCfg = Release|Any CPU
		{8B9F6AB6-3F81-4580-962A-7C29658BA0DC}.Release|Any CPU.Build.0 = Release|Any CPU
		{7BCFE957-0781-4125-8A1D-199C19FA119E}.Debug|Any CPU.ActiveCfg = Debug|Any CPU
		{7BCFE957-0781-4125-8A1D-199C19FA119E}.Debug|Any CPU.Build.0 = Debug|Any CPU
		{7BCFE957-0781-4125-8A1D-199C19FA119E}.Release|Any CPU.ActiveCfg = Release|Any CPU
		{7BCFE957-0781-4125-8A1D-199C19FA119E}.Release|Any CPU.Build.0 = Release|Any CPU
		{EBE7F530-BB3E-4D42-B1C9-F64BEA0745A8}.Debug|Any CPU.ActiveCfg = Debug|Any CPU
		{EBE7F530-BB3E-4D42-B1C9-F64BEA0745A8}.Debug|Any CPU.Build.0 = Debug|Any CPU
		{EBE7F530-BB3E-4D42-B1C9-F64BEA0745A8}.Release|Any CPU.ActiveCfg = Release|Any CPU
		{EBE7F530-BB3E-4D42-B1C9-F64BEA0745A8}.Release|Any CPU.Build.0 = Release|Any CPU
		{7F35A4CC-EA50-4599-A6F5-D9AE33D560D4}.Debug|Any CPU.ActiveCfg = Debug|Any CPU
		{7F35A4CC-EA50-4599-A6F5-D9AE33D560D4}.Debug|Any CPU.Build.0 = Debug|Any CPU
		{7F35A4CC-EA50-4599-A6F5-D9AE33D560D4}.Release|Any CPU.ActiveCfg = Release|Any CPU
		{7F35A4CC-EA50-4599-A6F5-D9AE33D560D4}.Release|Any CPU.Build.0 = Release|Any CPU
		{BCC17A0E-A347-46C0-A787-E5E99EF7C6D1}.Debug|Any CPU.ActiveCfg = Debug|Any CPU
		{BCC17A0E-A347-46C0-A787-E5E99EF7C6D1}.Debug|Any CPU.Build.0 = Debug|Any CPU
		{BCC17A0E-A347-46C0-A787-E5E99EF7C6D1}.Release|Any CPU.ActiveCfg = Release|Any CPU
		{BCC17A0E-A347-46C0-A787-E5E99EF7C6D1}.Release|Any CPU.Build.0 = Release|Any CPU
		{DDCA678D-0126-4385-A9CD-C5EEE6B14CA4}.Debug|Any CPU.ActiveCfg = Debug|Any CPU
		{DDCA678D-0126-4385-A9CD-C5EEE6B14CA4}.Debug|Any CPU.Build.0 = Debug|Any CPU
		{DDCA678D-0126-4385-A9CD-C5EEE6B14CA4}.Release|Any CPU.ActiveCfg = Release|Any CPU
		{DDCA678D-0126-4385-A9CD-C5EEE6B14CA4}.Release|Any CPU.Build.0 = Release|Any CPU
		{BC5B4879-9D40-48F4-84A9-07C76D2571DD}.Debug|Any CPU.ActiveCfg = Debug|Any CPU
		{BC5B4879-9D40-48F4-84A9-07C76D2571DD}.Debug|Any CPU.Build.0 = Debug|Any CPU
		{BC5B4879-9D40-48F4-84A9-07C76D2571DD}.Release|Any CPU.ActiveCfg = Release|Any CPU
		{BC5B4879-9D40-48F4-84A9-07C76D2571DD}.Release|Any CPU.Build.0 = Release|Any CPU
		{2D57C6A2-9321-4A73-8F1E-75417247E167}.Debug|Any CPU.ActiveCfg = Debug|Any CPU
		{2D57C6A2-9321-4A73-8F1E-75417247E167}.Debug|Any CPU.Build.0 = Debug|Any CPU
		{2D57C6A2-9321-4A73-8F1E-75417247E167}.Release|Any CPU.ActiveCfg = Release|Any CPU
		{2D57C6A2-9321-4A73-8F1E-75417247E167}.Release|Any CPU.Build.0 = Release|Any CPU
		{75015C6C-C26B-4453-A06A-5E7640B72700}.Debug|Any CPU.ActiveCfg = Debug|Any CPU
		{75015C6C-C26B-4453-A06A-5E7640B72700}.Debug|Any CPU.Build.0 = Debug|Any CPU
		{75015C6C-C26B-4453-A06A-5E7640B72700}.Release|Any CPU.ActiveCfg = Release|Any CPU
		{75015C6C-C26B-4453-A06A-5E7640B72700}.Release|Any CPU.Build.0 = Release|Any CPU
		{65DF83F2-5FC2-4435-B262-03C62A97FBED}.Debug|Any CPU.ActiveCfg = Debug|Any CPU
		{65DF83F2-5FC2-4435-B262-03C62A97FBED}.Debug|Any CPU.Build.0 = Debug|Any CPU
		{65DF83F2-5FC2-4435-B262-03C62A97FBED}.Release|Any CPU.ActiveCfg = Release|Any CPU
		{65DF83F2-5FC2-4435-B262-03C62A97FBED}.Release|Any CPU.Build.0 = Release|Any CPU
		{E2ACDEDC-0417-4F24-BB13-14F3A4F52FFE}.Debug|Any CPU.ActiveCfg = Debug|Any CPU
		{E2ACDEDC-0417-4F24-BB13-14F3A4F52FFE}.Debug|Any CPU.Build.0 = Debug|Any CPU
		{E2ACDEDC-0417-4F24-BB13-14F3A4F52FFE}.Release|Any CPU.ActiveCfg = Release|Any CPU
		{E2ACDEDC-0417-4F24-BB13-14F3A4F52FFE}.Release|Any CPU.Build.0 = Release|Any CPU
		{5486CCCA-8FD8-4002-B54B-955F47D276FF}.Debug|Any CPU.ActiveCfg = Debug|Any CPU
		{5486CCCA-8FD8-4002-B54B-955F47D276FF}.Debug|Any CPU.Build.0 = Debug|Any CPU
		{5486CCCA-8FD8-4002-B54B-955F47D276FF}.Release|Any CPU.ActiveCfg = Release|Any CPU
		{5486CCCA-8FD8-4002-B54B-955F47D276FF}.Release|Any CPU.Build.0 = Release|Any CPU
		{DB16B77C-3B43-4F9F-99E9-FB3C21B52E7E}.Debug|Any CPU.ActiveCfg = Debug|Any CPU
		{DB16B77C-3B43-4F9F-99E9-FB3C21B52E7E}.Debug|Any CPU.Build.0 = Debug|Any CPU
		{DB16B77C-3B43-4F9F-99E9-FB3C21B52E7E}.Release|Any CPU.ActiveCfg = Release|Any CPU
		{DB16B77C-3B43-4F9F-99E9-FB3C21B52E7E}.Release|Any CPU.Build.0 = Release|Any CPU
		{302E40BA-9DFF-4F59-A1D4-1154319CE112}.Debug|Any CPU.ActiveCfg = Debug|Any CPU
		{302E40BA-9DFF-4F59-A1D4-1154319CE112}.Debug|Any CPU.Build.0 = Debug|Any CPU
		{302E40BA-9DFF-4F59-A1D4-1154319CE112}.Release|Any CPU.ActiveCfg = Release|Any CPU
		{302E40BA-9DFF-4F59-A1D4-1154319CE112}.Release|Any CPU.Build.0 = Release|Any CPU
		{76D1A0F7-549F-4AFB-82B4-49E71E26089E}.Debug|Any CPU.ActiveCfg = Debug|Any CPU
		{76D1A0F7-549F-4AFB-82B4-49E71E26089E}.Debug|Any CPU.Build.0 = Debug|Any CPU
		{76D1A0F7-549F-4AFB-82B4-49E71E26089E}.Release|Any CPU.ActiveCfg = Release|Any CPU
		{76D1A0F7-549F-4AFB-82B4-49E71E26089E}.Release|Any CPU.Build.0 = Release|Any CPU
		{AE199049-C519-43CE-8D0A-51C3E75477AA}.Debug|Any CPU.ActiveCfg = Debug|Any CPU
		{AE199049-C519-43CE-8D0A-51C3E75477AA}.Debug|Any CPU.Build.0 = Debug|Any CPU
		{AE199049-C519-43CE-8D0A-51C3E75477AA}.Release|Any CPU.ActiveCfg = Release|Any CPU
		{AE199049-C519-43CE-8D0A-51C3E75477AA}.Release|Any CPU.Build.0 = Release|Any CPU
		{2482E4D4-03AC-4A7C-9F1E-3AA7782C5011}.Debug|Any CPU.ActiveCfg = Debug|Any CPU
		{2482E4D4-03AC-4A7C-9F1E-3AA7782C5011}.Debug|Any CPU.Build.0 = Debug|Any CPU
		{2482E4D4-03AC-4A7C-9F1E-3AA7782C5011}.Release|Any CPU.ActiveCfg = Release|Any CPU
		{2482E4D4-03AC-4A7C-9F1E-3AA7782C5011}.Release|Any CPU.Build.0 = Release|Any CPU
		{58E0E26C-E9A4-4B3D-9C67-4C68E5B3F705}.Debug|Any CPU.ActiveCfg = Debug|Any CPU
		{58E0E26C-E9A4-4B3D-9C67-4C68E5B3F705}.Debug|Any CPU.Build.0 = Debug|Any CPU
		{58E0E26C-E9A4-4B3D-9C67-4C68E5B3F705}.Release|Any CPU.ActiveCfg = Release|Any CPU
		{58E0E26C-E9A4-4B3D-9C67-4C68E5B3F705}.Release|Any CPU.Build.0 = Release|Any CPU
		{9E6D2D8B-F7DF-4CC6-A020-47F32F6AEE30}.Debug|Any CPU.ActiveCfg = Debug|Any CPU
		{9E6D2D8B-F7DF-4CC6-A020-47F32F6AEE30}.Debug|Any CPU.Build.0 = Debug|Any CPU
		{9E6D2D8B-F7DF-4CC6-A020-47F32F6AEE30}.Release|Any CPU.ActiveCfg = Release|Any CPU
		{9E6D2D8B-F7DF-4CC6-A020-47F32F6AEE30}.Release|Any CPU.Build.0 = Release|Any CPU
		{12E8B9C2-E1C6-4674-B794-8880FF11D6AA}.Debug|Any CPU.ActiveCfg = Debug|Any CPU
		{12E8B9C2-E1C6-4674-B794-8880FF11D6AA}.Debug|Any CPU.Build.0 = Debug|Any CPU
		{12E8B9C2-E1C6-4674-B794-8880FF11D6AA}.Release|Any CPU.ActiveCfg = Release|Any CPU
		{12E8B9C2-E1C6-4674-B794-8880FF11D6AA}.Release|Any CPU.Build.0 = Release|Any CPU
		{A3F78D26-21B9-4D35-9EDC-3978CDF06472}.Debug|Any CPU.ActiveCfg = Debug|Any CPU
		{A3F78D26-21B9-4D35-9EDC-3978CDF06472}.Debug|Any CPU.Build.0 = Debug|Any CPU
		{A3F78D26-21B9-4D35-9EDC-3978CDF06472}.Release|Any CPU.ActiveCfg = Release|Any CPU
		{A3F78D26-21B9-4D35-9EDC-3978CDF06472}.Release|Any CPU.Build.0 = Release|Any CPU
		{BF8B716A-6420-4876-86D3-1AFE2C11A079}.Debug|Any CPU.ActiveCfg = Debug|Any CPU
		{BF8B716A-6420-4876-86D3-1AFE2C11A079}.Debug|Any CPU.Build.0 = Debug|Any CPU
		{BF8B716A-6420-4876-86D3-1AFE2C11A079}.Release|Any CPU.ActiveCfg = Release|Any CPU
		{BF8B716A-6420-4876-86D3-1AFE2C11A079}.Release|Any CPU.Build.0 = Release|Any CPU
		{BED95C42-59CA-4C29-A50E-FEAC9660CB40}.Debug|Any CPU.ActiveCfg = Debug|Any CPU
		{BED95C42-59CA-4C29-A50E-FEAC9660CB40}.Debug|Any CPU.Build.0 = Debug|Any CPU
		{BED95C42-59CA-4C29-A50E-FEAC9660CB40}.Release|Any CPU.ActiveCfg = Release|Any CPU
		{BED95C42-59CA-4C29-A50E-FEAC9660CB40}.Release|Any CPU.Build.0 = Release|Any CPU
		{A32E8D7C-5E10-42BE-AFBD-F1F4BCE94472}.Debug|Any CPU.ActiveCfg = Debug|Any CPU
		{A32E8D7C-5E10-42BE-AFBD-F1F4BCE94472}.Debug|Any CPU.Build.0 = Debug|Any CPU
		{A32E8D7C-5E10-42BE-AFBD-F1F4BCE94472}.Release|Any CPU.ActiveCfg = Release|Any CPU
		{A32E8D7C-5E10-42BE-AFBD-F1F4BCE94472}.Release|Any CPU.Build.0 = Release|Any CPU
		{A61A89A9-7BA5-4D80-8310-C0201F05BD78}.Debug|Any CPU.ActiveCfg = Debug|Any CPU
		{A61A89A9-7BA5-4D80-8310-C0201F05BD78}.Debug|Any CPU.Build.0 = Debug|Any CPU
		{A61A89A9-7BA5-4D80-8310-C0201F05BD78}.Release|Any CPU.ActiveCfg = Release|Any CPU
		{A61A89A9-7BA5-4D80-8310-C0201F05BD78}.Release|Any CPU.Build.0 = Release|Any CPU
		{E2EAECAB-9B65-467A-83F2-FF21B593C34D}.Debug|Any CPU.ActiveCfg = Debug|Any CPU
		{E2EAECAB-9B65-467A-83F2-FF21B593C34D}.Debug|Any CPU.Build.0 = Debug|Any CPU
		{E2EAECAB-9B65-467A-83F2-FF21B593C34D}.Release|Any CPU.ActiveCfg = Release|Any CPU
		{E2EAECAB-9B65-467A-83F2-FF21B593C34D}.Release|Any CPU.Build.0 = Release|Any CPU
		{B8A454AA-2CF6-46F3-8E9A-105693AA6E0C}.Debug|Any CPU.ActiveCfg = Debug|Any CPU
		{B8A454AA-2CF6-46F3-8E9A-105693AA6E0C}.Debug|Any CPU.Build.0 = Debug|Any CPU
		{B8A454AA-2CF6-46F3-8E9A-105693AA6E0C}.Release|Any CPU.ActiveCfg = Release|Any CPU
		{B8A454AA-2CF6-46F3-8E9A-105693AA6E0C}.Release|Any CPU.Build.0 = Release|Any CPU
		{2022C555-0533-4FE5-9382-537BDFAA3595}.Debug|Any CPU.ActiveCfg = Debug|Any CPU
		{2022C555-0533-4FE5-9382-537BDFAA3595}.Debug|Any CPU.Build.0 = Debug|Any CPU
		{2022C555-0533-4FE5-9382-537BDFAA3595}.Release|Any CPU.ActiveCfg = Release|Any CPU
		{2022C555-0533-4FE5-9382-537BDFAA3595}.Release|Any CPU.Build.0 = Release|Any CPU
		{4BA95FAD-ABE2-4D09-B42E-5F044DFC2CEE}.Debug|Any CPU.ActiveCfg = Debug|Any CPU
		{4BA95FAD-ABE2-4D09-B42E-5F044DFC2CEE}.Debug|Any CPU.Build.0 = Debug|Any CPU
		{4BA95FAD-ABE2-4D09-B42E-5F044DFC2CEE}.Release|Any CPU.ActiveCfg = Release|Any CPU
		{4BA95FAD-ABE2-4D09-B42E-5F044DFC2CEE}.Release|Any CPU.Build.0 = Release|Any CPU
	EndGlobalSection
	GlobalSection(SolutionProperties) = preSolution
		HideSolutionNode = FALSE
	EndGlobalSection
	GlobalSection(ExtensibilityGlobals) = postSolution
		SolutionGuid = {3C7818B0-90BD-4535-B797-C6AA24DE618D}
	EndGlobalSection
EndGlobal
